
Microsoft Visual Studio Solution File, Format Version 12.00
# Visual Studio Version 16
VisualStudioVersion = 16.0.32126.315
MinimumVisualStudioVersion = 10.0.40219.1
Project("{8BC9CEB8-8B4A-11D0-8D11-00A0C91BC942}") = "learning C", "learning C\learning C.vcxproj", "{24C937BD-2857-454D-9777-01803E318420}"
EndProject
Global
	GlobalSection(SolutionConfigurationPlatforms) = preSolution
		Debug|x64 = Debug|x64
		Debug|x86 = Debug|x86
		Release|x64 = Release|x64
		Release|x86 = Release|x86
	EndGlobalSection
	GlobalSection(ProjectConfigurationPlatforms) = postSolution
		{24C937BD-2857-454D-9777-01803E318420}.Debug|x64.ActiveCfg = Debug|x64
		{24C937BD-2857-454D-9777-01803E318420}.Debug|x64.Build.0 = Debug|x64
		{24C937BD-2857-454D-9777-01803E318420}.Debug|x86.ActiveCfg = Debug|Win32
		{24C937BD-2857-454D-9777-01803E318420}.Debug|x86.Build.0 = Debug|Win32
		{24C937BD-2857-454D-9777-01803E318420}.Release|x64.ActiveCfg = Release|x64
		{24C937BD-2857-454D-9777-01803E318420}.Release|x64.Build.0 = Release|x64
		{24C937BD-2857-454D-9777-01803E318420}.Release|x86.ActiveCfg = Release|Win32
		{24C937BD-2857-454D-9777-01803E318420}.Release|x86.Build.0 = Release|Win32
	EndGlobalSection
	GlobalSection(SolutionProperties) = preSolution
		HideSolutionNode = FALSE
	EndGlobalSection
	GlobalSection(ExtensibilityGlobals) = postSolution
		SolutionGuid = {59085242-2CEE-451A-BDC0-13DF5B7EE457}
	EndGlobalSection
EndGlobal
